// !$*UTF8*$!
{
	archiveVersion = 1;
	classes = {
	};
	objectVersion = 55;
	objects = {

/* Begin PBXBuildFile section */
		9F003EF328113FAE0045C759 /* Rswift in Frameworks */ = {isa = PBXBuildFile; productRef = 9F003EF228113FAE0045C759 /* Rswift */; };
		9F003EF6281142610045C759 /* R.generated.swift in Sources */ = {isa = PBXBuildFile; fileRef = 9F003EF5281142610045C759 /* R.generated.swift */; };
		9F003EF9281144DA0045C759 /* ColorResource+SwiftUI.swift in Sources */ = {isa = PBXBuildFile; fileRef = 9F003EF8281144DA0045C759 /* ColorResource+SwiftUI.swift */; };
		9F003EFB281145080045C759 /* ImageResource+SwiftUI.swift in Sources */ = {isa = PBXBuildFile; fileRef = 9F003EFA281145080045C759 /* ImageResource+SwiftUI.swift */; };
		9F003EFD2811452A0045C759 /* FontResource+SwiftUI.swift in Sources */ = {isa = PBXBuildFile; fileRef = 9F003EFC2811452A0045C759 /* FontResource+SwiftUI.swift */; };
		9F003EFF281159D30045C759 /* WebRepository.swift in Sources */ = {isa = PBXBuildFile; fileRef = 9F003EFE281159D30045C759 /* WebRepository.swift */; };
		9F37F289280FB0B100122D02 /* Assets.xcassets in Resources */ = {isa = PBXBuildFile; fileRef = 9F37F279280FB0B100122D02 /* Assets.xcassets */; };
		9F37F28A280FB0B100122D02 /* Preview Assets.xcassets in Resources */ = {isa = PBXBuildFile; fileRef = 9F37F27B280FB0B100122D02 /* Preview Assets.xcassets */; };
		9F37F28B280FB0B100122D02 /* AppState.swift in Sources */ = {isa = PBXBuildFile; fileRef = 9F37F27D280FB0B100122D02 /* AppState.swift */; };
		9F37F28C280FB0B100122D02 /* DependencyInjector.swift in Sources */ = {isa = PBXBuildFile; fileRef = 9F37F27E280FB0B100122D02 /* DependencyInjector.swift */; };
		9F37F28D280FB0B100122D02 /* CNTIOSBootstrapApp.swift in Sources */ = {isa = PBXBuildFile; fileRef = 9F37F280280FB0B100122D02 /* CNTIOSBootstrapApp.swift */; };
		9F37F28E280FB0B100122D02 /* AppEnvironment.swift in Sources */ = {isa = PBXBuildFile; fileRef = 9F37F281280FB0B100122D02 /* AppEnvironment.swift */; };
		9F37F290280FB0B100122D02 /* ContentView.swift in Sources */ = {isa = PBXBuildFile; fileRef = 9F37F285280FB0B100122D02 /* ContentView.swift */; };
		9F37F292280FB0B100122D02 /* LoginView.swift in Sources */ = {isa = PBXBuildFile; fileRef = 9F37F288280FB0B100122D02 /* LoginView.swift */; };
		9F37F295280FB47F00122D02 /* HomeView.swift in Sources */ = {isa = PBXBuildFile; fileRef = 9F37F294280FB47F00122D02 /* HomeView.swift */; };
		9F37F29A280FD3F800122D02 /* InteractorsContainer.swift in Sources */ = {isa = PBXBuildFile; fileRef = 9F37F299280FD3F800122D02 /* InteractorsContainer.swift */; };
		9F37F29C280FD87D00122D02 /* AuthInteractor.swift in Sources */ = {isa = PBXBuildFile; fileRef = 9F37F29B280FD87D00122D02 /* AuthInteractor.swift */; };
		9F37F2A0280FEE0B00122D02 /* AuthWebRepository.swift in Sources */ = {isa = PBXBuildFile; fileRef = 9F37F29F280FEE0B00122D02 /* AuthWebRepository.swift */; };
		9F37F2A4280FF33400122D02 /* Endpoint.swift in Sources */ = {isa = PBXBuildFile; fileRef = 9F37F2A3280FF33400122D02 /* Endpoint.swift */; };
		9F37F2A6280FF58A00122D02 /* AuthEndpoint.swift in Sources */ = {isa = PBXBuildFile; fileRef = 9F37F2A5280FF58A00122D02 /* AuthEndpoint.swift */; };
		9F37F2A92810008500122D02 /* User.swift in Sources */ = {isa = PBXBuildFile; fileRef = 9F37F2A82810008500122D02 /* User.swift */; };
		9F37F2AB28101FD800122D02 /* Loadable.swift in Sources */ = {isa = PBXBuildFile; fileRef = 9F37F2AA28101FD800122D02 /* Loadable.swift */; };
		9F37F2AD2810214000122D02 /* CancelBag.swift in Sources */ = {isa = PBXBuildFile; fileRef = 9F37F2AC2810214000122D02 /* CancelBag.swift */; };
		9FA6B0D5280692D700723A85 /* CNTIOSBootstrapAppTests.swift in Sources */ = {isa = PBXBuildFile; fileRef = 9FA6B0D4280692D700723A85 /* CNTIOSBootstrapAppTests.swift */; };
		9FB1DE5C2811007100E433A0 /* JGProgressHUD-SwiftUI in Frameworks */ = {isa = PBXBuildFile; productRef = 9FB1DE5B2811007100E433A0 /* JGProgressHUD-SwiftUI */; };
		9FB1DE5E281139D600E433A0 /* Colors.xcassets in Resources */ = {isa = PBXBuildFile; fileRef = 9FB1DE5D281139D600E433A0 /* Colors.xcassets */; };
/* End PBXBuildFile section */

/* Begin PBXContainerItemProxy section */
		9FA6B0D1280692D700723A85 /* PBXContainerItemProxy */ = {
			isa = PBXContainerItemProxy;
			containerPortal = 9FA6B0B8280692D500723A85 /* Project object */;
			proxyType = 1;
			remoteGlobalIDString = 9FA6B0BF280692D500723A85;
			remoteInfo = UrbanLegend;
		};
/* End PBXContainerItemProxy section */

/* Begin PBXFileReference section */
		9F003EF5281142610045C759 /* R.generated.swift */ = {isa = PBXFileReference; fileEncoding = 4; lastKnownFileType = sourcecode.swift; path = R.generated.swift; sourceTree = SOURCE_ROOT; };
		9F003EF8281144DA0045C759 /* ColorResource+SwiftUI.swift */ = {isa = PBXFileReference; lastKnownFileType = sourcecode.swift; path = "ColorResource+SwiftUI.swift"; sourceTree = "<group>"; };
		9F003EFA281145080045C759 /* ImageResource+SwiftUI.swift */ = {isa = PBXFileReference; lastKnownFileType = sourcecode.swift; path = "ImageResource+SwiftUI.swift"; sourceTree = "<group>"; };
		9F003EFC2811452A0045C759 /* FontResource+SwiftUI.swift */ = {isa = PBXFileReference; lastKnownFileType = sourcecode.swift; path = "FontResource+SwiftUI.swift"; sourceTree = "<group>"; };
		9F003EFE281159D30045C759 /* WebRepository.swift */ = {isa = PBXFileReference; lastKnownFileType = sourcecode.swift; path = WebRepository.swift; sourceTree = "<group>"; };
		9F37F279280FB0B100122D02 /* Assets.xcassets */ = {isa = PBXFileReference; lastKnownFileType = folder.assetcatalog; path = Assets.xcassets; sourceTree = "<group>"; };
		9F37F27B280FB0B100122D02 /* Preview Assets.xcassets */ = {isa = PBXFileReference; lastKnownFileType = folder.assetcatalog; path = "Preview Assets.xcassets"; sourceTree = "<group>"; };
		9F37F27D280FB0B100122D02 /* AppState.swift */ = {isa = PBXFileReference; fileEncoding = 4; lastKnownFileType = sourcecode.swift; path = AppState.swift; sourceTree = "<group>"; };
		9F37F27E280FB0B100122D02 /* DependencyInjector.swift */ = {isa = PBXFileReference; fileEncoding = 4; lastKnownFileType = sourcecode.swift; path = DependencyInjector.swift; sourceTree = "<group>"; };
		9F37F280280FB0B100122D02 /* CNTIOSBootstrapApp.swift */ = {isa = PBXFileReference; fileEncoding = 4; lastKnownFileType = sourcecode.swift; path = CNTIOSBootstrapApp.swift; sourceTree = "<group>"; };
		9F37F281280FB0B100122D02 /* AppEnvironment.swift */ = {isa = PBXFileReference; fileEncoding = 4; lastKnownFileType = sourcecode.swift; path = AppEnvironment.swift; sourceTree = "<group>"; };
		9F37F285280FB0B100122D02 /* ContentView.swift */ = {isa = PBXFileReference; fileEncoding = 4; lastKnownFileType = sourcecode.swift; path = ContentView.swift; sourceTree = "<group>"; };
		9F37F288280FB0B100122D02 /* LoginView.swift */ = {isa = PBXFileReference; fileEncoding = 4; lastKnownFileType = sourcecode.swift; path = LoginView.swift; sourceTree = "<group>"; };
		9F37F294280FB47F00122D02 /* HomeView.swift */ = {isa = PBXFileReference; lastKnownFileType = sourcecode.swift; path = HomeView.swift; sourceTree = "<group>"; };
		9F37F299280FD3F800122D02 /* InteractorsContainer.swift */ = {isa = PBXFileReference; lastKnownFileType = sourcecode.swift; path = InteractorsContainer.swift; sourceTree = "<group>"; };
		9F37F29B280FD87D00122D02 /* AuthInteractor.swift */ = {isa = PBXFileReference; lastKnownFileType = sourcecode.swift; path = AuthInteractor.swift; sourceTree = "<group>"; };
		9F37F29F280FEE0B00122D02 /* AuthWebRepository.swift */ = {isa = PBXFileReference; lastKnownFileType = sourcecode.swift; path = AuthWebRepository.swift; sourceTree = "<group>"; };
		9F37F2A3280FF33400122D02 /* Endpoint.swift */ = {isa = PBXFileReference; lastKnownFileType = sourcecode.swift; path = Endpoint.swift; sourceTree = "<group>"; };
		9F37F2A5280FF58A00122D02 /* AuthEndpoint.swift */ = {isa = PBXFileReference; lastKnownFileType = sourcecode.swift; path = AuthEndpoint.swift; sourceTree = "<group>"; };
		9F37F2A82810008500122D02 /* User.swift */ = {isa = PBXFileReference; lastKnownFileType = sourcecode.swift; path = User.swift; sourceTree = "<group>"; };
		9F37F2AA28101FD800122D02 /* Loadable.swift */ = {isa = PBXFileReference; lastKnownFileType = sourcecode.swift; path = Loadable.swift; sourceTree = "<group>"; };
		9F37F2AC2810214000122D02 /* CancelBag.swift */ = {isa = PBXFileReference; lastKnownFileType = sourcecode.swift; path = CancelBag.swift; sourceTree = "<group>"; };
		9FA6B0C0280692D500723A85 /* CNTIOSBootstrapApp.app */ = {isa = PBXFileReference; explicitFileType = wrapper.application; includeInIndex = 0; path = CNTIOSBootstrapApp.app; sourceTree = BUILT_PRODUCTS_DIR; };
		9FA6B0D0280692D700723A85 /* CNTIOSBootstrapAppTests.xctest */ = {isa = PBXFileReference; explicitFileType = wrapper.cfbundle; includeInIndex = 0; path = CNTIOSBootstrapAppTests.xctest; sourceTree = BUILT_PRODUCTS_DIR; };
		9FA6B0D4280692D700723A85 /* CNTIOSBootstrapAppTests.swift */ = {isa = PBXFileReference; lastKnownFileType = sourcecode.swift; path = CNTIOSBootstrapAppTests.swift; sourceTree = "<group>"; };
		9FB1DE5D281139D600E433A0 /* Colors.xcassets */ = {isa = PBXFileReference; lastKnownFileType = folder.assetcatalog; path = Colors.xcassets; sourceTree = "<group>"; };
/* End PBXFileReference section */

/* Begin PBXFrameworksBuildPhase section */
		9FA6B0BD280692D500723A85 /* Frameworks */ = {
			isa = PBXFrameworksBuildPhase;
			buildActionMask = 2147483647;
			files = (
				9FB1DE5C2811007100E433A0 /* JGProgressHUD-SwiftUI in Frameworks */,
				9F003EF328113FAE0045C759 /* Rswift in Frameworks */,
			);
			runOnlyForDeploymentPostprocessing = 0;
		};
		9FA6B0CD280692D700723A85 /* Frameworks */ = {
			isa = PBXFrameworksBuildPhase;
			buildActionMask = 2147483647;
			files = (
			);
			runOnlyForDeploymentPostprocessing = 0;
		};
/* End PBXFrameworksBuildPhase section */

/* Begin PBXGroup section */
		9F003EF7281144A10045C759 /* R+SwiftUI */ = {
			isa = PBXGroup;
			children = (
				9F003EF8281144DA0045C759 /* ColorResource+SwiftUI.swift */,
				9F003EFA281145080045C759 /* ImageResource+SwiftUI.swift */,
				9F003EFC2811452A0045C759 /* FontResource+SwiftUI.swift */,
			);
			path = "R+SwiftUI";
			sourceTree = "<group>";
		};
		9F37F278280FB0B100122D02 /* CNTIOSBootstrapApp */ = {
			isa = PBXGroup;
			children = (
				9F37F27F280FB0B100122D02 /* System */,
				9F37F27C280FB0B100122D02 /* Injected */,
				9F37F2A2280FF2EF00122D02 /* Utilities */,
				9F37F29E280FEC1400122D02 /* Repositories */,
				9F37F298280FCEA400122D02 /* Interactors */,
				9F37F2A72810007500122D02 /* Models */,
				9F37F282280FB0B100122D02 /* UI */,
				9F37F293280FB18200122D02 /* Resources */,
			);
			path = CNTIOSBootstrapApp;
			sourceTree = "<group>";
		};
		9F37F27C280FB0B100122D02 /* Injected */ = {
			isa = PBXGroup;
			children = (
				9F37F27D280FB0B100122D02 /* AppState.swift */,
				9F37F27E280FB0B100122D02 /* DependencyInjector.swift */,
				9F37F299280FD3F800122D02 /* InteractorsContainer.swift */,
			);
			path = Injected;
			sourceTree = "<group>";
		};
		9F37F27F280FB0B100122D02 /* System */ = {
			isa = PBXGroup;
			children = (
				9F37F280280FB0B100122D02 /* CNTIOSBootstrapApp.swift */,
				9F37F281280FB0B100122D02 /* AppEnvironment.swift */,
			);
			path = System;
			sourceTree = "<group>";
		};
		9F37F282280FB0B100122D02 /* UI */ = {
			isa = PBXGroup;
			children = (
				9F37F29D280FE85C00122D02 /* Screens */,
			);
			path = UI;
			sourceTree = "<group>";
		};
		9F37F293280FB18200122D02 /* Resources */ = {
			isa = PBXGroup;
			children = (
				9F003EF7281144A10045C759 /* R+SwiftUI */,
				9F003EF5281142610045C759 /* R.generated.swift */,
				9F37F279280FB0B100122D02 /* Assets.xcassets */,
				9FB1DE5D281139D600E433A0 /* Colors.xcassets */,
				9F37F27B280FB0B100122D02 /* Preview Assets.xcassets */,
			);
			path = Resources;
			sourceTree = "<group>";
		};
		9F37F298280FCEA400122D02 /* Interactors */ = {
			isa = PBXGroup;
			children = (
				9F37F29B280FD87D00122D02 /* AuthInteractor.swift */,
			);
			path = Interactors;
			sourceTree = "<group>";
		};
		9F37F29D280FE85C00122D02 /* Screens */ = {
			isa = PBXGroup;
			children = (
				9F37F285280FB0B100122D02 /* ContentView.swift */,
				9F37F288280FB0B100122D02 /* LoginView.swift */,
				9F37F294280FB47F00122D02 /* HomeView.swift */,
			);
			path = Screens;
			sourceTree = "<group>";
		};
		9F37F29E280FEC1400122D02 /* Repositories */ = {
			isa = PBXGroup;
			children = (
				9F37F2A1280FF0EC00122D02 /* Web */,
			);
			path = Repositories;
			sourceTree = "<group>";
		};
		9F37F2A1280FF0EC00122D02 /* Web */ = {
			isa = PBXGroup;
			children = (
				9F003EFE281159D30045C759 /* WebRepository.swift */,
				9F37F2A5280FF58A00122D02 /* AuthEndpoint.swift */,
				9F37F29F280FEE0B00122D02 /* AuthWebRepository.swift */,
			);
			path = Web;
			sourceTree = "<group>";
		};
		9F37F2A2280FF2EF00122D02 /* Utilities */ = {
			isa = PBXGroup;
			children = (
				9F37F2A3280FF33400122D02 /* Endpoint.swift */,
				9F37F2AA28101FD800122D02 /* Loadable.swift */,
				9F37F2AC2810214000122D02 /* CancelBag.swift */,
			);
			path = Utilities;
			sourceTree = "<group>";
		};
		9F37F2A72810007500122D02 /* Models */ = {
			isa = PBXGroup;
			children = (
				9F37F2A82810008500122D02 /* User.swift */,
			);
			path = Models;
			sourceTree = "<group>";
		};
		9FA6B0B7280692D500723A85 = {
			isa = PBXGroup;
			children = (
				9F37F278280FB0B100122D02 /* CNTIOSBootstrapApp */,
				9FA6B0D3280692D700723A85 /* CNTIOSBootstrapAppTests */,
				9FA6B0C1280692D500723A85 /* Products */,
			);
			sourceTree = "<group>";
		};
		9FA6B0C1280692D500723A85 /* Products */ = {
			isa = PBXGroup;
			children = (
				9FA6B0C0280692D500723A85 /* CNTIOSBootstrapApp.app */,
				9FA6B0D0280692D700723A85 /* CNTIOSBootstrapAppTests.xctest */,
			);
			name = Products;
			sourceTree = "<group>";
		};
		9FA6B0D3280692D700723A85 /* CNTIOSBootstrapAppTests */ = {
			isa = PBXGroup;
			children = (
				9FA6B0D4280692D700723A85 /* CNTIOSBootstrapAppTests.swift */,
			);
			name = CNTIOSBootstrapAppTests;
			path = CNTIOSBootstrapAppTest;
			sourceTree = "<group>";
		};
/* End PBXGroup section */

/* Begin PBXNativeTarget section */
		9FA6B0BF280692D500723A85 /* CNTIOSBootstrapApp */ = {
			isa = PBXNativeTarget;
			buildConfigurationList = 9FA6B0E4280692D700723A85 /* Build configuration list for PBXNativeTarget "CNTIOSBootstrapApp" */;
			buildPhases = (
				9F003EF4281141E10045C759 /* ShellScript */,
				9FA6B0BC280692D500723A85 /* Sources */,
				9FA6B0BD280692D500723A85 /* Frameworks */,
				9FA6B0BE280692D500723A85 /* Resources */,
			);
			buildRules = (
			);
			dependencies = (
			);
			name = CNTIOSBootstrapApp;
			packageProductDependencies = (
				9FB1DE5B2811007100E433A0 /* JGProgressHUD-SwiftUI */,
				9F003EF228113FAE0045C759 /* Rswift */,
			);
			productName = UrbanLegend;
			productReference = 9FA6B0C0280692D500723A85 /* CNTIOSBootstrapApp.app */;
			productType = "com.apple.product-type.application";
		};
		9FA6B0CF280692D700723A85 /* CNTIOSBootstrapAppTests */ = {
			isa = PBXNativeTarget;
			buildConfigurationList = 9FA6B0E7280692D700723A85 /* Build configuration list for PBXNativeTarget "CNTIOSBootstrapAppTests" */;
			buildPhases = (
				9FA6B0CC280692D700723A85 /* Sources */,
				9FA6B0CD280692D700723A85 /* Frameworks */,
				9FA6B0CE280692D700723A85 /* Resources */,
			);
			buildRules = (
			);
			dependencies = (
				9FA6B0D2280692D700723A85 /* PBXTargetDependency */,
			);
			name = CNTIOSBootstrapAppTests;
			productName = UrbanLegendTests;
			productReference = 9FA6B0D0280692D700723A85 /* CNTIOSBootstrapAppTests.xctest */;
			productType = "com.apple.product-type.bundle.unit-test";
		};
/* End PBXNativeTarget section */

/* Begin PBXProject section */
		9FA6B0B8280692D500723A85 /* Project object */ = {
			isa = PBXProject;
			attributes = {
				BuildIndependentTargetsInParallel = 1;
				LastSwiftUpdateCheck = 1320;
				LastUpgradeCheck = 1320;
				TargetAttributes = {
					9FA6B0BF280692D500723A85 = {
						CreatedOnToolsVersion = 13.2.1;
					};
					9FA6B0CF280692D700723A85 = {
						CreatedOnToolsVersion = 13.2.1;
						TestTargetID = 9FA6B0BF280692D500723A85;
					};
				};
			};
			buildConfigurationList = 9FA6B0BB280692D500723A85 /* Build configuration list for PBXProject "CNTIOSBootstrapApp" */;
			compatibilityVersion = "Xcode 13.0";
			developmentRegion = en;
			hasScannedForEncodings = 0;
			knownRegions = (
				en,
				Base,
			);
			mainGroup = 9FA6B0B7280692D500723A85;
			packageReferences = (
				9FB1DE5A2811007100E433A0 /* XCRemoteSwiftPackageReference "JGProgressHUD-SwiftUI" */,
				9F003EF128113FAE0045C759 /* XCRemoteSwiftPackageReference "R.swift" */,
			);
			productRefGroup = 9FA6B0C1280692D500723A85 /* Products */;
			projectDirPath = "";
			projectRoot = "";
			targets = (
				9FA6B0BF280692D500723A85 /* CNTIOSBootstrapApp */,
				9FA6B0CF280692D700723A85 /* CNTIOSBootstrapAppTests */,
			);
		};
/* End PBXProject section */

/* Begin PBXResourcesBuildPhase section */
		9FA6B0BE280692D500723A85 /* Resources */ = {
			isa = PBXResourcesBuildPhase;
			buildActionMask = 2147483647;
			files = (
				9FB1DE5E281139D600E433A0 /* Colors.xcassets in Resources */,
				9F37F28A280FB0B100122D02 /* Preview Assets.xcassets in Resources */,
				9F37F289280FB0B100122D02 /* Assets.xcassets in Resources */,
			);
			runOnlyForDeploymentPostprocessing = 0;
		};
		9FA6B0CE280692D700723A85 /* Resources */ = {
			isa = PBXResourcesBuildPhase;
			buildActionMask = 2147483647;
			files = (
			);
			runOnlyForDeploymentPostprocessing = 0;
		};
/* End PBXResourcesBuildPhase section */

/* Begin PBXShellScriptBuildPhase section */
		9F003EF4281141E10045C759 /* ShellScript */ = {
			isa = PBXShellScriptBuildPhase;
			alwaysOutOfDate = 1;
			buildActionMask = 2147483647;
			files = (
			);
			inputFileListPaths = (
			);
			inputPaths = (
			);
			outputFileListPaths = (
			);
			outputPaths = (
				$SRCROOT/R.generated.swift,
			);
			runOnlyForDeploymentPostprocessing = 0;
			shellPath = /bin/sh;
			shellScript = "\"$SRCROOT/rswift\" generate \"$SRCROOT/R.generated.swift\"\n";
		};
/* End PBXShellScriptBuildPhase section */

/* Begin PBXSourcesBuildPhase section */
		9FA6B0BC280692D500723A85 /* Sources */ = {
			isa = PBXSourcesBuildPhase;
			buildActionMask = 2147483647;
			files = (
				9F37F2A92810008500122D02 /* User.swift in Sources */,
				9F37F2AB28101FD800122D02 /* Loadable.swift in Sources */,
				9F37F295280FB47F00122D02 /* HomeView.swift in Sources */,
				9F37F28D280FB0B100122D02 /* CNTIOSBootstrapApp.swift in Sources */,
				9F37F28E280FB0B100122D02 /* AppEnvironment.swift in Sources */,
				9F37F290280FB0B100122D02 /* ContentView.swift in Sources */,
				9F003EF9281144DA0045C759 /* ColorResource+SwiftUI.swift in Sources */,
				9F37F2A6280FF58A00122D02 /* AuthEndpoint.swift in Sources */,
				9F37F2A0280FEE0B00122D02 /* AuthWebRepository.swift in Sources */,
				9F37F28C280FB0B100122D02 /* DependencyInjector.swift in Sources */,
				9F37F29C280FD87D00122D02 /* AuthInteractor.swift in Sources */,
				9F37F28B280FB0B100122D02 /* AppState.swift in Sources */,
				9F003EF6281142610045C759 /* R.generated.swift in Sources */,
				9F37F2AD2810214000122D02 /* CancelBag.swift in Sources */,
				9F37F2A4280FF33400122D02 /* Endpoint.swift in Sources */,
				9F37F29A280FD3F800122D02 /* InteractorsContainer.swift in Sources */,
				9F003EFF281159D30045C759 /* WebRepository.swift in Sources */,
				9F37F292280FB0B100122D02 /* LoginView.swift in Sources */,
				9F003EFD2811452A0045C759 /* FontResource+SwiftUI.swift in Sources */,
				9F003EFB281145080045C759 /* ImageResource+SwiftUI.swift in Sources */,
			);
			runOnlyForDeploymentPostprocessing = 0;
		};
		9FA6B0CC280692D700723A85 /* Sources */ = {
			isa = PBXSourcesBuildPhase;
			buildActionMask = 2147483647;
			files = (
				9FA6B0D5280692D700723A85 /* CNTIOSBootstrapAppTests.swift in Sources */,
			);
			runOnlyForDeploymentPostprocessing = 0;
		};
/* End PBXSourcesBuildPhase section */

/* Begin PBXTargetDependency section */
		9FA6B0D2280692D700723A85 /* PBXTargetDependency */ = {
			isa = PBXTargetDependency;
			target = 9FA6B0BF280692D500723A85 /* CNTIOSBootstrapApp */;
			targetProxy = 9FA6B0D1280692D700723A85 /* PBXContainerItemProxy */;
		};
/* End PBXTargetDependency section */

/* Begin XCBuildConfiguration section */
		9FA6B0E2280692D700723A85 /* Debug */ = {
			isa = XCBuildConfiguration;
			buildSettings = {
				ALWAYS_SEARCH_USER_PATHS = NO;
				CLANG_ANALYZER_NONNULL = YES;
				CLANG_ANALYZER_NUMBER_OBJECT_CONVERSION = YES_AGGRESSIVE;
				CLANG_CXX_LANGUAGE_STANDARD = "gnu++17";
				CLANG_CXX_LIBRARY = "libc++";
				CLANG_ENABLE_MODULES = YES;
				CLANG_ENABLE_OBJC_ARC = YES;
				CLANG_ENABLE_OBJC_WEAK = YES;
				CLANG_WARN_BLOCK_CAPTURE_AUTORELEASING = YES;
				CLANG_WARN_BOOL_CONVERSION = YES;
				CLANG_WARN_COMMA = YES;
				CLANG_WARN_CONSTANT_CONVERSION = YES;
				CLANG_WARN_DEPRECATED_OBJC_IMPLEMENTATIONS = YES;
				CLANG_WARN_DIRECT_OBJC_ISA_USAGE = YES_ERROR;
				CLANG_WARN_DOCUMENTATION_COMMENTS = YES;
				CLANG_WARN_EMPTY_BODY = YES;
				CLANG_WARN_ENUM_CONVERSION = YES;
				CLANG_WARN_INFINITE_RECURSION = YES;
				CLANG_WARN_INT_CONVERSION = YES;
				CLANG_WARN_NON_LITERAL_NULL_CONVERSION = YES;
				CLANG_WARN_OBJC_IMPLICIT_RETAIN_SELF = YES;
				CLANG_WARN_OBJC_LITERAL_CONVERSION = YES;
				CLANG_WARN_OBJC_ROOT_CLASS = YES_ERROR;
				CLANG_WARN_QUOTED_INCLUDE_IN_FRAMEWORK_HEADER = YES;
				CLANG_WARN_RANGE_LOOP_ANALYSIS = YES;
				CLANG_WARN_STRICT_PROTOTYPES = YES;
				CLANG_WARN_SUSPICIOUS_MOVE = YES;
				CLANG_WARN_UNGUARDED_AVAILABILITY = YES_AGGRESSIVE;
				CLANG_WARN_UNREACHABLE_CODE = YES;
				CLANG_WARN__DUPLICATE_METHOD_MATCH = YES;
				COPY_PHASE_STRIP = NO;
				DEBUG_INFORMATION_FORMAT = dwarf;
				ENABLE_STRICT_OBJC_MSGSEND = YES;
				ENABLE_TESTABILITY = YES;
				GCC_C_LANGUAGE_STANDARD = gnu11;
				GCC_DYNAMIC_NO_PIC = NO;
				GCC_NO_COMMON_BLOCKS = YES;
				GCC_OPTIMIZATION_LEVEL = 0;
				GCC_PREPROCESSOR_DEFINITIONS = (
					"DEBUG=1",
					"$(inherited)",
				);
				GCC_WARN_64_TO_32_BIT_CONVERSION = YES;
				GCC_WARN_ABOUT_RETURN_TYPE = YES_ERROR;
				GCC_WARN_UNDECLARED_SELECTOR = YES;
				GCC_WARN_UNINITIALIZED_AUTOS = YES_AGGRESSIVE;
				GCC_WARN_UNUSED_FUNCTION = YES;
				GCC_WARN_UNUSED_VARIABLE = YES;
				IPHONEOS_DEPLOYMENT_TARGET = 14.0;
				MTL_ENABLE_DEBUG_INFO = INCLUDE_SOURCE;
				MTL_FAST_MATH = YES;
				ONLY_ACTIVE_ARCH = YES;
				SDKROOT = iphoneos;
				SWIFT_ACTIVE_COMPILATION_CONDITIONS = DEBUG;
				SWIFT_EMIT_LOC_STRINGS = YES;
				SWIFT_OPTIMIZATION_LEVEL = "-Onone";
			};
			name = Debug;
		};
		9FA6B0E3280692D700723A85 /* Release */ = {
			isa = XCBuildConfiguration;
			buildSettings = {
				ALWAYS_SEARCH_USER_PATHS = NO;
				CLANG_ANALYZER_NONNULL = YES;
				CLANG_ANALYZER_NUMBER_OBJECT_CONVERSION = YES_AGGRESSIVE;
				CLANG_CXX_LANGUAGE_STANDARD = "gnu++17";
				CLANG_CXX_LIBRARY = "libc++";
				CLANG_ENABLE_MODULES = YES;
				CLANG_ENABLE_OBJC_ARC = YES;
				CLANG_ENABLE_OBJC_WEAK = YES;
				CLANG_WARN_BLOCK_CAPTURE_AUTORELEASING = YES;
				CLANG_WARN_BOOL_CONVERSION = YES;
				CLANG_WARN_COMMA = YES;
				CLANG_WARN_CONSTANT_CONVERSION = YES;
				CLANG_WARN_DEPRECATED_OBJC_IMPLEMENTATIONS = YES;
				CLANG_WARN_DIRECT_OBJC_ISA_USAGE = YES_ERROR;
				CLANG_WARN_DOCUMENTATION_COMMENTS = YES;
				CLANG_WARN_EMPTY_BODY = YES;
				CLANG_WARN_ENUM_CONVERSION = YES;
				CLANG_WARN_INFINITE_RECURSION = YES;
				CLANG_WARN_INT_CONVERSION = YES;
				CLANG_WARN_NON_LITERAL_NULL_CONVERSION = YES;
				CLANG_WARN_OBJC_IMPLICIT_RETAIN_SELF = YES;
				CLANG_WARN_OBJC_LITERAL_CONVERSION = YES;
				CLANG_WARN_OBJC_ROOT_CLASS = YES_ERROR;
				CLANG_WARN_QUOTED_INCLUDE_IN_FRAMEWORK_HEADER = YES;
				CLANG_WARN_RANGE_LOOP_ANALYSIS = YES;
				CLANG_WARN_STRICT_PROTOTYPES = YES;
				CLANG_WARN_SUSPICIOUS_MOVE = YES;
				CLANG_WARN_UNGUARDED_AVAILABILITY = YES_AGGRESSIVE;
				CLANG_WARN_UNREACHABLE_CODE = YES;
				CLANG_WARN__DUPLICATE_METHOD_MATCH = YES;
				COPY_PHASE_STRIP = NO;
				DEBUG_INFORMATION_FORMAT = "dwarf-with-dsym";
				ENABLE_NS_ASSERTIONS = NO;
				ENABLE_STRICT_OBJC_MSGSEND = YES;
				GCC_C_LANGUAGE_STANDARD = gnu11;
				GCC_NO_COMMON_BLOCKS = YES;
				GCC_WARN_64_TO_32_BIT_CONVERSION = YES;
				GCC_WARN_ABOUT_RETURN_TYPE = YES_ERROR;
				GCC_WARN_UNDECLARED_SELECTOR = YES;
				GCC_WARN_UNINITIALIZED_AUTOS = YES_AGGRESSIVE;
				GCC_WARN_UNUSED_FUNCTION = YES;
				GCC_WARN_UNUSED_VARIABLE = YES;
				IPHONEOS_DEPLOYMENT_TARGET = 14.0;
				MTL_ENABLE_DEBUG_INFO = NO;
				MTL_FAST_MATH = YES;
				SDKROOT = iphoneos;
				SWIFT_COMPILATION_MODE = wholemodule;
				SWIFT_EMIT_LOC_STRINGS = YES;
				SWIFT_OPTIMIZATION_LEVEL = "-O";
				VALIDATE_PRODUCT = YES;
			};
			name = Release;
		};
		9FA6B0E5280692D700723A85 /* Debug */ = {
			isa = XCBuildConfiguration;
			buildSettings = {
				ASSETCATALOG_COMPILER_APPICON_NAME = AppIcon;
				ASSETCATALOG_COMPILER_GLOBAL_ACCENT_COLOR_NAME = AccentColor;
				CODE_SIGN_STYLE = Automatic;
				CURRENT_PROJECT_VERSION = 1;
				DEVELOPMENT_ASSET_PATHS = "\"CNTIOSBootstrapApp/Resources\"";
				ENABLE_PREVIEWS = YES;
				GENERATE_INFOPLIST_FILE = YES;
				INFOPLIST_KEY_UIApplicationSceneManifest_Generation = YES;
				INFOPLIST_KEY_UIApplicationSupportsIndirectInputEvents = YES;
				INFOPLIST_KEY_UILaunchScreen_Generation = YES;
				INFOPLIST_KEY_UISupportedInterfaceOrientations_iPad = "UIInterfaceOrientationPortrait UIInterfaceOrientationPortraitUpsideDown UIInterfaceOrientationLandscapeLeft UIInterfaceOrientationLandscapeRight";
				INFOPLIST_KEY_UISupportedInterfaceOrientations_iPhone = "UIInterfaceOrientationPortrait UIInterfaceOrientationLandscapeLeft UIInterfaceOrientationLandscapeRight";
				LD_RUNPATH_SEARCH_PATHS = (
					"$(inherited)",
					"@executable_path/Frameworks",
				);
				MARKETING_VERSION = 1.0;
				PRODUCT_BUNDLE_IDENTIFIER = com.cnt.CNTIOSBootstrapApp;
				PRODUCT_NAME = CNTIOSBootstrapApp;
				SWIFT_EMIT_LOC_STRINGS = YES;
				SWIFT_VERSION = 5.0;
				TARGETED_DEVICE_FAMILY = "1,2";
			};
			name = Debug;
		};
		9FA6B0E6280692D700723A85 /* Release */ = {
			isa = XCBuildConfiguration;
			buildSettings = {
				ASSETCATALOG_COMPILER_APPICON_NAME = AppIcon;
				ASSETCATALOG_COMPILER_GLOBAL_ACCENT_COLOR_NAME = AccentColor;
				CODE_SIGN_STYLE = Automatic;
				CURRENT_PROJECT_VERSION = 1;
				DEVELOPMENT_ASSET_PATHS = "\"CNTIOSBootstrapApp/Resources\"";
				ENABLE_PREVIEWS = YES;
				GENERATE_INFOPLIST_FILE = YES;
				INFOPLIST_KEY_UIApplicationSceneManifest_Generation = YES;
				INFOPLIST_KEY_UIApplicationSupportsIndirectInputEvents = YES;
				INFOPLIST_KEY_UILaunchScreen_Generation = YES;
				INFOPLIST_KEY_UISupportedInterfaceOrientations_iPad = "UIInterfaceOrientationPortrait UIInterfaceOrientationPortraitUpsideDown UIInterfaceOrientationLandscapeLeft UIInterfaceOrientationLandscapeRight";
				INFOPLIST_KEY_UISupportedInterfaceOrientations_iPhone = "UIInterfaceOrientationPortrait UIInterfaceOrientationLandscapeLeft UIInterfaceOrientationLandscapeRight";
				LD_RUNPATH_SEARCH_PATHS = (
					"$(inherited)",
					"@executable_path/Frameworks",
				);
				MARKETING_VERSION = 1.0;
				PRODUCT_BUNDLE_IDENTIFIER = com.cnt.CNTIOSBootstrapApp;
				PRODUCT_NAME = CNTIOSBootstrapApp;
				SWIFT_EMIT_LOC_STRINGS = YES;
				SWIFT_VERSION = 5.0;
				TARGETED_DEVICE_FAMILY = "1,2";
			};
			name = Release;
		};
		9FA6B0E8280692D700723A85 /* Debug */ = {
			isa = XCBuildConfiguration;
			buildSettings = {
				ALWAYS_EMBED_SWIFT_STANDARD_LIBRARIES = YES;
				BUNDLE_LOADER = "$(TEST_HOST)";
				CODE_SIGN_STYLE = Automatic;
				CURRENT_PROJECT_VERSION = 1;
				GENERATE_INFOPLIST_FILE = YES;
				IPHONEOS_DEPLOYMENT_TARGET = 15.2;
				MARKETING_VERSION = 1.0;
				PRODUCT_BUNDLE_IDENTIFIER = co.urbanlegend.UrbanLegendTests;
				PRODUCT_NAME = "$(TARGET_NAME)";
				SWIFT_EMIT_LOC_STRINGS = NO;
				SWIFT_VERSION = 5.0;
				TARGETED_DEVICE_FAMILY = "1,2";
				TEST_HOST = "$(BUILT_PRODUCTS_DIR)/CNTIOSBootstrapApp.app/CNTIOSBootstrapApp";
			};
			name = Debug;
		};
		9FA6B0E9280692D700723A85 /* Release */ = {
			isa = XCBuildConfiguration;
			buildSettings = {
				ALWAYS_EMBED_SWIFT_STANDARD_LIBRARIES = YES;
				BUNDLE_LOADER = "$(TEST_HOST)";
				CODE_SIGN_STYLE = Automatic;
				CURRENT_PROJECT_VERSION = 1;
				GENERATE_INFOPLIST_FILE = YES;
				IPHONEOS_DEPLOYMENT_TARGET = 15.2;
				MARKETING_VERSION = 1.0;
				PRODUCT_BUNDLE_IDENTIFIER = co.urbanlegend.UrbanLegendTests;
				PRODUCT_NAME = "$(TARGET_NAME)";
				SWIFT_EMIT_LOC_STRINGS = NO;
				SWIFT_VERSION = 5.0;
				TARGETED_DEVICE_FAMILY = "1,2";
				TEST_HOST = "$(BUILT_PRODUCTS_DIR)/CNTIOSBootstrapApp.app/CNTIOSBootstrapApp";
			};
			name = Release;
		};
/* End XCBuildConfiguration section */

/* Begin XCConfigurationList section */
		9FA6B0BB280692D500723A85 /* Build configuration list for PBXProject "CNTIOSBootstrapApp" */ = {
			isa = XCConfigurationList;
			buildConfigurations = (
				9FA6B0E2280692D700723A85 /* Debug */,
				9FA6B0E3280692D700723A85 /* Release */,
			);
			defaultConfigurationIsVisible = 0;
			defaultConfigurationName = Release;
		};
		9FA6B0E4280692D700723A85 /* Build configuration list for PBXNativeTarget "CNTIOSBootstrapApp" */ = {
			isa = XCConfigurationList;
			buildConfigurations = (
				9FA6B0E5280692D700723A85 /* Debug */,
				9FA6B0E6280692D700723A85 /* Release */,
			);
			defaultConfigurationIsVisible = 0;
			defaultConfigurationName = Release;
		};
		9FA6B0E7280692D700723A85 /* Build configuration list for PBXNativeTarget "CNTIOSBootstrapAppTests" */ = {
			isa = XCConfigurationList;
			buildConfigurations = (
				9FA6B0E8280692D700723A85 /* Debug */,
				9FA6B0E9280692D700723A85 /* Release */,
			);
			defaultConfigurationIsVisible = 0;
			defaultConfigurationName = Release;
		};
/* End XCConfigurationList section */

/* Begin XCRemoteSwiftPackageReference section */
		9F003EF128113FAE0045C759 /* XCRemoteSwiftPackageReference "R.swift" */ = {
			isa = XCRemoteSwiftPackageReference;
			repositoryURL = "https://github.com/mac-cain13/R.swift.Library";
			requirement = {
				branch = master;
				kind = branch;
			};
		};
		9FB1DE5A2811007100E433A0 /* XCRemoteSwiftPackageReference "JGProgressHUD-SwiftUI" */ = {
			isa = XCRemoteSwiftPackageReference;
			repositoryURL = "https://github.com/JonasGessner/JGProgressHUD-SwiftUI.git";
			requirement = {
				kind = upToNextMajorVersion;
				minimumVersion = 0.1.1;
			};
		};
/* End XCRemoteSwiftPackageReference section */

/* Begin XCSwiftPackageProductDependency section */
		9F003EF228113FAE0045C759 /* Rswift */ = {
			isa = XCSwiftPackageProductDependency;
			package = 9F003EF128113FAE0045C759 /* XCRemoteSwiftPackageReference "R.swift" */;
			productName = Rswift;
		};
		9FB1DE5B2811007100E433A0 /* JGProgressHUD-SwiftUI */ = {
			isa = XCSwiftPackageProductDependency;
			package = 9FB1DE5A2811007100E433A0 /* XCRemoteSwiftPackageReference "JGProgressHUD-SwiftUI" */;
			productName = "JGProgressHUD-SwiftUI";
		};
/* End XCSwiftPackageProductDependency section */
	};
	rootObject = 9FA6B0B8280692D500723A85 /* Project object */;
}
