// !$*UTF8*$!
{
	archiveVersion = 1;
	classes = {
	};
	objectVersion = 55;
	objects = {

/* Begin PBXBuildFile section */
		9F37F289280FB0B100122D02 /* Assets.xcassets in Resources */ = {isa = PBXBuildFile; fileRef = 9F37F279280FB0B100122D02 /* Assets.xcassets */; };
		9F37F28A280FB0B100122D02 /* Preview Assets.xcassets in Resources */ = {isa = PBXBuildFile; fileRef = 9F37F27B280FB0B100122D02 /* Preview Assets.xcassets */; };
		9F37F28B280FB0B100122D02 /* AppState.swift in Sources */ = {isa = PBXBuildFile; fileRef = 9F37F27D280FB0B100122D02 /* AppState.swift */; };
		9F37F28C280FB0B100122D02 /* DependencyInjector.swift in Sources */ = {isa = PBXBuildFile; fileRef = 9F37F27E280FB0B100122D02 /* DependencyInjector.swift */; };
		9F37F28D280FB0B100122D02 /* CNTIOSBootstrapApp.swift in Sources */ = {isa = PBXBuildFile; fileRef = 9F37F280280FB0B100122D02 /* CNTIOSBootstrapApp.swift */; };
		9F37F28E280FB0B100122D02 /* AppEnvironment.swift in Sources */ = {isa = PBXBuildFile; fileRef = 9F37F281280FB0B100122D02 /* AppEnvironment.swift */; };
		9F37F28F280FB0B100122D02 /* ContentViewModel.swift in Sources */ = {isa = PBXBuildFile; fileRef = 9F37F283280FB0B100122D02 /* ContentViewModel.swift */; };
		9F37F290280FB0B100122D02 /* ContentView.swift in Sources */ = {isa = PBXBuildFile; fileRef = 9F37F285280FB0B100122D02 /* ContentView.swift */; };
		9F37F291280FB0B100122D02 /* LoginViewModel.swift in Sources */ = {isa = PBXBuildFile; fileRef = 9F37F287280FB0B100122D02 /* LoginViewModel.swift */; };
		9F37F292280FB0B100122D02 /* LoginView.swift in Sources */ = {isa = PBXBuildFile; fileRef = 9F37F288280FB0B100122D02 /* LoginView.swift */; };
		9FA6B0D5280692D700723A85 /* CNTIOSBootstrapAppTests.swift in Sources */ = {isa = PBXBuildFile; fileRef = 9FA6B0D4280692D700723A85 /* CNTIOSBootstrapAppTests.swift */; };
/* End PBXBuildFile section */

/* Begin PBXContainerItemProxy section */
		9FA6B0D1280692D700723A85 /* PBXContainerItemProxy */ = {
			isa = PBXContainerItemProxy;
			containerPortal = 9FA6B0B8280692D500723A85 /* Project object */;
			proxyType = 1;
			remoteGlobalIDString = 9FA6B0BF280692D500723A85;
			remoteInfo = UrbanLegend;
		};
/* End PBXContainerItemProxy section */

/* Begin PBXFileReference section */
		9F37F279280FB0B100122D02 /* Assets.xcassets */ = {isa = PBXFileReference; lastKnownFileType = folder.assetcatalog; path = Assets.xcassets; sourceTree = "<group>"; };
		9F37F27B280FB0B100122D02 /* Preview Assets.xcassets */ = {isa = PBXFileReference; lastKnownFileType = folder.assetcatalog; path = "Preview Assets.xcassets"; sourceTree = "<group>"; };
		9F37F27D280FB0B100122D02 /* AppState.swift */ = {isa = PBXFileReference; fileEncoding = 4; lastKnownFileType = sourcecode.swift; path = AppState.swift; sourceTree = "<group>"; };
		9F37F27E280FB0B100122D02 /* DependencyInjector.swift */ = {isa = PBXFileReference; fileEncoding = 4; lastKnownFileType = sourcecode.swift; path = DependencyInjector.swift; sourceTree = "<group>"; };
		9F37F280280FB0B100122D02 /* CNTIOSBootstrapApp.swift */ = {isa = PBXFileReference; fileEncoding = 4; lastKnownFileType = sourcecode.swift; path = CNTIOSBootstrapApp.swift; sourceTree = "<group>"; };
		9F37F281280FB0B100122D02 /* AppEnvironment.swift */ = {isa = PBXFileReference; fileEncoding = 4; lastKnownFileType = sourcecode.swift; path = AppEnvironment.swift; sourceTree = "<group>"; };
		9F37F283280FB0B100122D02 /* ContentViewModel.swift */ = {isa = PBXFileReference; fileEncoding = 4; lastKnownFileType = sourcecode.swift; path = ContentViewModel.swift; sourceTree = "<group>"; };
		9F37F285280FB0B100122D02 /* ContentView.swift */ = {isa = PBXFileReference; fileEncoding = 4; lastKnownFileType = sourcecode.swift; path = ContentView.swift; sourceTree = "<group>"; };
		9F37F287280FB0B100122D02 /* LoginViewModel.swift */ = {isa = PBXFileReference; fileEncoding = 4; lastKnownFileType = sourcecode.swift; path = LoginViewModel.swift; sourceTree = "<group>"; };
		9F37F288280FB0B100122D02 /* LoginView.swift */ = {isa = PBXFileReference; fileEncoding = 4; lastKnownFileType = sourcecode.swift; path = LoginView.swift; sourceTree = "<group>"; };
		9FA6B0C0280692D500723A85 /* CNTIOSBootstrapApp.app */ = {isa = PBXFileReference; explicitFileType = wrapper.application; includeInIndex = 0; path = CNTIOSBootstrapApp.app; sourceTree = BUILT_PRODUCTS_DIR; };
		9FA6B0D0280692D700723A85 /* CNTIOSBootstrapAppTests.xctest */ = {isa = PBXFileReference; explicitFileType = wrapper.cfbundle; includeInIndex = 0; path = CNTIOSBootstrapAppTests.xctest; sourceTree = BUILT_PRODUCTS_DIR; };
		9FA6B0D4280692D700723A85 /* CNTIOSBootstrapAppTests.swift */ = {isa = PBXFileReference; lastKnownFileType = sourcecode.swift; path = CNTIOSBootstrapAppTests.swift; sourceTree = "<group>"; };
/* End PBXFileReference section */

/* Begin PBXFrameworksBuildPhase section */
		9FA6B0BD280692D500723A85 /* Frameworks */ = {
			isa = PBXFrameworksBuildPhase;
			buildActionMask = 2147483647;
			files = (
			);
			runOnlyForDeploymentPostprocessing = 0;
		};
		9FA6B0CD280692D700723A85 /* Frameworks */ = {
			isa = PBXFrameworksBuildPhase;
			buildActionMask = 2147483647;
			files = (
			);
			runOnlyForDeploymentPostprocessing = 0;
		};
/* End PBXFrameworksBuildPhase section */

/* Begin PBXGroup section */
		9F37F278280FB0B100122D02 /* CNTIOSBootstrapApp */ = {
			isa = PBXGroup;
			children = (
				9F37F27F280FB0B100122D02 /* System */,
				9F37F27C280FB0B100122D02 /* Injected */,
				9F37F282280FB0B100122D02 /* Modules */,
				9F37F293280FB18200122D02 /* Resources */,
			);
			path = CNTIOSBootstrapApp;
			sourceTree = "<group>";
		};
		9F37F27C280FB0B100122D02 /* Injected */ = {
			isa = PBXGroup;
			children = (
				9F37F27D280FB0B100122D02 /* AppState.swift */,
				9F37F27E280FB0B100122D02 /* DependencyInjector.swift */,
			);
			path = Injected;
			sourceTree = "<group>";
		};
		9F37F27F280FB0B100122D02 /* System */ = {
			isa = PBXGroup;
			children = (
				9F37F280280FB0B100122D02 /* CNTIOSBootstrapApp.swift */,
				9F37F281280FB0B100122D02 /* AppEnvironment.swift */,
			);
			path = System;
			sourceTree = "<group>";
		};
		9F37F282280FB0B100122D02 /* Modules */ = {
			isa = PBXGroup;
			children = (
				9F37F283280FB0B100122D02 /* ContentViewModel.swift */,
				9F37F285280FB0B100122D02 /* ContentView.swift */,
				9F37F284280FB0B100122D02 /* MyCampaigns */,
				9F37F286280FB0B100122D02 /* Login */,
			);
			path = Modules;
			sourceTree = "<group>";
		};
		9F37F284280FB0B100122D02 /* MyCampaigns */ = {
			isa = PBXGroup;
			children = (
			);
			path = MyCampaigns;
			sourceTree = "<group>";
		};
		9F37F286280FB0B100122D02 /* Login */ = {
			isa = PBXGroup;
			children = (
				9F37F287280FB0B100122D02 /* LoginViewModel.swift */,
				9F37F288280FB0B100122D02 /* LoginView.swift */,
			);
			path = Login;
			sourceTree = "<group>";
		};
		9F37F293280FB18200122D02 /* Resources */ = {
			isa = PBXGroup;
			children = (
				9F37F279280FB0B100122D02 /* Assets.xcassets */,
				9F37F27B280FB0B100122D02 /* Preview Assets.xcassets */,
			);
			path = Resources;
			sourceTree = "<group>";
		};
		9FA6B0B7280692D500723A85 = {
			isa = PBXGroup;
			children = (
				9F37F278280FB0B100122D02 /* CNTIOSBootstrapApp */,
				9FA6B0D3280692D700723A85 /* CNTIOSBootstrapAppTests */,
				9FA6B0C1280692D500723A85 /* Products */,
			);
			sourceTree = "<group>";
		};
		9FA6B0C1280692D500723A85 /* Products */ = {
			isa = PBXGroup;
			children = (
				9FA6B0C0280692D500723A85 /* CNTIOSBootstrapApp.app */,
				9FA6B0D0280692D700723A85 /* CNTIOSBootstrapAppTests.xctest */,
			);
			name = Products;
			sourceTree = "<group>";
		};
		9FA6B0D3280692D700723A85 /* CNTIOSBootstrapAppTests */ = {
			isa = PBXGroup;
			children = (
				9FA6B0D4280692D700723A85 /* CNTIOSBootstrapAppTests.swift */,
			);
			name = CNTIOSBootstrapAppTests;
			path = CNTIOSBootstrapAppTest;
			sourceTree = "<group>";
		};
/* End PBXGroup section */

/* Begin PBXNativeTarget section */
		9FA6B0BF280692D500723A85 /* CNTIOSBootstrapApp */ = {
			isa = PBXNativeTarget;
			buildConfigurationList = 9FA6B0E4280692D700723A85 /* Build configuration list for PBXNativeTarget "CNTIOSBootstrapApp" */;
			buildPhases = (
				9FA6B0BC280692D500723A85 /* Sources */,
				9FA6B0BD280692D500723A85 /* Frameworks */,
				9FA6B0BE280692D500723A85 /* Resources */,
			);
			buildRules = (
			);
			dependencies = (
			);
			name = CNTIOSBootstrapApp;
			productName = UrbanLegend;
			productReference = 9FA6B0C0280692D500723A85 /* CNTIOSBootstrapApp.app */;
			productType = "com.apple.product-type.application";
		};
		9FA6B0CF280692D700723A85 /* CNTIOSBootstrapAppTests */ = {
			isa = PBXNativeTarget;
			buildConfigurationList = 9FA6B0E7280692D700723A85 /* Build configuration list for PBXNativeTarget "CNTIOSBootstrapAppTests" */;
			buildPhases = (
				9FA6B0CC280692D700723A85 /* Sources */,
				9FA6B0CD280692D700723A85 /* Frameworks */,
				9FA6B0CE280692D700723A85 /* Resources */,
			);
			buildRules = (
			);
			dependencies = (
				9FA6B0D2280692D700723A85 /* PBXTargetDependency */,
			);
			name = CNTIOSBootstrapAppTests;
			productName = UrbanLegendTests;
			productReference = 9FA6B0D0280692D700723A85 /* CNTIOSBootstrapAppTests.xctest */;
			productType = "com.apple.product-type.bundle.unit-test";
		};
/* End PBXNativeTarget section */

/* Begin PBXProject section */
		9FA6B0B8280692D500723A85 /* Project object */ = {
			isa = PBXProject;
			attributes = {
				BuildIndependentTargetsInParallel = 1;
				LastSwiftUpdateCheck = 1320;
				LastUpgradeCheck = 1320;
				TargetAttributes = {
					9FA6B0BF280692D500723A85 = {
						CreatedOnToolsVersion = 13.2.1;
					};
					9FA6B0CF280692D700723A85 = {
						CreatedOnToolsVersion = 13.2.1;
						TestTargetID = 9FA6B0BF280692D500723A85;
					};
				};
			};
			buildConfigurationList = 9FA6B0BB280692D500723A85 /* Build configuration list for PBXProject "CNTIOSBootstrapApp" */;
			compatibilityVersion = "Xcode 13.0";
			developmentRegion = en;
			hasScannedForEncodings = 0;
			knownRegions = (
				en,
				Base,
			);
			mainGroup = 9FA6B0B7280692D500723A85;
			productRefGroup = 9FA6B0C1280692D500723A85 /* Products */;
			projectDirPath = "";
			projectRoot = "";
			targets = (
				9FA6B0BF280692D500723A85 /* CNTIOSBootstrapApp */,
				9FA6B0CF280692D700723A85 /* CNTIOSBootstrapAppTests */,
			);
		};
/* End PBXProject section */

/* Begin PBXResourcesBuildPhase section */
		9FA6B0BE280692D500723A85 /* Resources */ = {
			isa = PBXResourcesBuildPhase;
			buildActionMask = 2147483647;
			files = (
				9F37F28A280FB0B100122D02 /* Preview Assets.xcassets in Resources */,
				9F37F289280FB0B100122D02 /* Assets.xcassets in Resources */,
			);
			runOnlyForDeploymentPostprocessing = 0;
		};
		9FA6B0CE280692D700723A85 /* Resources */ = {
			isa = PBXResourcesBuildPhase;
			buildActionMask = 2147483647;
			files = (
			);
			runOnlyForDeploymentPostprocessing = 0;
		};
/* End PBXResourcesBuildPhase section */

/* Begin PBXSourcesBuildPhase section */
		9FA6B0BC280692D500723A85 /* Sources */ = {
			isa = PBXSourcesBuildPhase;
			buildActionMask = 2147483647;
			files = (
				9F37F28D280FB0B100122D02 /* CNTIOSBootstrapApp.swift in Sources */,
				9F37F28E280FB0B100122D02 /* AppEnvironment.swift in Sources */,
				9F37F290280FB0B100122D02 /* ContentView.swift in Sources */,
				9F37F28C280FB0B100122D02 /* DependencyInjector.swift in Sources */,
				9F37F28B280FB0B100122D02 /* AppState.swift in Sources */,
				9F37F28F280FB0B100122D02 /* ContentViewModel.swift in Sources */,
				9F37F292280FB0B100122D02 /* LoginView.swift in Sources */,
				9F37F291280FB0B100122D02 /* LoginViewModel.swift in Sources */,
			);
			runOnlyForDeploymentPostprocessing = 0;
		};
		9FA6B0CC280692D700723A85 /* Sources */ = {
			isa = PBXSourcesBuildPhase;
			buildActionMask = 2147483647;
			files = (
				9FA6B0D5280692D700723A85 /* CNTIOSBootstrapAppTests.swift in Sources */,
			);
			runOnlyForDeploymentPostprocessing = 0;
		};
/* End PBXSourcesBuildPhase section */

/* Begin PBXTargetDependency section */
		9FA6B0D2280692D700723A85 /* PBXTargetDependency */ = {
			isa = PBXTargetDependency;
			target = 9FA6B0BF280692D500723A85 /* CNTIOSBootstrapApp */;
			targetProxy = 9FA6B0D1280692D700723A85 /* PBXContainerItemProxy */;
		};
/* End PBXTargetDependency section */

/* Begin XCBuildConfiguration section */
		9FA6B0E2280692D700723A85 /* Debug */ = {
			isa = XCBuildConfiguration;
			buildSettings = {
				ALWAYS_SEARCH_USER_PATHS = NO;
				CLANG_ANALYZER_NONNULL = YES;
				CLANG_ANALYZER_NUMBER_OBJECT_CONVERSION = YES_AGGRESSIVE;
				CLANG_CXX_LANGUAGE_STANDARD = "gnu++17";
				CLANG_CXX_LIBRARY = "libc++";
				CLANG_ENABLE_MODULES = YES;
				CLANG_ENABLE_OBJC_ARC = YES;
				CLANG_ENABLE_OBJC_WEAK = YES;
				CLANG_WARN_BLOCK_CAPTURE_AUTORELEASING = YES;
				CLANG_WARN_BOOL_CONVERSION = YES;
				CLANG_WARN_COMMA = YES;
				CLANG_WARN_CONSTANT_CONVERSION = YES;
				CLANG_WARN_DEPRECATED_OBJC_IMPLEMENTATIONS = YES;
				CLANG_WARN_DIRECT_OBJC_ISA_USAGE = YES_ERROR;
				CLANG_WARN_DOCUMENTATION_COMMENTS = YES;
				CLANG_WARN_EMPTY_BODY = YES;
				CLANG_WARN_ENUM_CONVERSION = YES;
				CLANG_WARN_INFINITE_RECURSION = YES;
				CLANG_WARN_INT_CONVERSION = YES;
				CLANG_WARN_NON_LITERAL_NULL_CONVERSION = YES;
				CLANG_WARN_OBJC_IMPLICIT_RETAIN_SELF = YES;
				CLANG_WARN_OBJC_LITERAL_CONVERSION = YES;
				CLANG_WARN_OBJC_ROOT_CLASS = YES_ERROR;
				CLANG_WARN_QUOTED_INCLUDE_IN_FRAMEWORK_HEADER = YES;
				CLANG_WARN_RANGE_LOOP_ANALYSIS = YES;
				CLANG_WARN_STRICT_PROTOTYPES = YES;
				CLANG_WARN_SUSPICIOUS_MOVE = YES;
				CLANG_WARN_UNGUARDED_AVAILABILITY = YES_AGGRESSIVE;
				CLANG_WARN_UNREACHABLE_CODE = YES;
				CLANG_WARN__DUPLICATE_METHOD_MATCH = YES;
				COPY_PHASE_STRIP = NO;
				DEBUG_INFORMATION_FORMAT = dwarf;
				ENABLE_STRICT_OBJC_MSGSEND = YES;
				ENABLE_TESTABILITY = YES;
				GCC_C_LANGUAGE_STANDARD = gnu11;
				GCC_DYNAMIC_NO_PIC = NO;
				GCC_NO_COMMON_BLOCKS = YES;
				GCC_OPTIMIZATION_LEVEL = 0;
				GCC_PREPROCESSOR_DEFINITIONS = (
					"DEBUG=1",
					"$(inherited)",
				);
				GCC_WARN_64_TO_32_BIT_CONVERSION = YES;
				GCC_WARN_ABOUT_RETURN_TYPE = YES_ERROR;
				GCC_WARN_UNDECLARED_SELECTOR = YES;
				GCC_WARN_UNINITIALIZED_AUTOS = YES_AGGRESSIVE;
				GCC_WARN_UNUSED_FUNCTION = YES;
				GCC_WARN_UNUSED_VARIABLE = YES;
				IPHONEOS_DEPLOYMENT_TARGET = 14.0;
				MTL_ENABLE_DEBUG_INFO = INCLUDE_SOURCE;
				MTL_FAST_MATH = YES;
				ONLY_ACTIVE_ARCH = YES;
				SDKROOT = iphoneos;
				SWIFT_ACTIVE_COMPILATION_CONDITIONS = DEBUG;
				SWIFT_OPTIMIZATION_LEVEL = "-Onone";
			};
			name = Debug;
		};
		9FA6B0E3280692D700723A85 /* Release */ = {
			isa = XCBuildConfiguration;
			buildSettings = {
				ALWAYS_SEARCH_USER_PATHS = NO;
				CLANG_ANALYZER_NONNULL = YES;
				CLANG_ANALYZER_NUMBER_OBJECT_CONVERSION = YES_AGGRESSIVE;
				CLANG_CXX_LANGUAGE_STANDARD = "gnu++17";
				CLANG_CXX_LIBRARY = "libc++";
				CLANG_ENABLE_MODULES = YES;
				CLANG_ENABLE_OBJC_ARC = YES;
				CLANG_ENABLE_OBJC_WEAK = YES;
				CLANG_WARN_BLOCK_CAPTURE_AUTORELEASING = YES;
				CLANG_WARN_BOOL_CONVERSION = YES;
				CLANG_WARN_COMMA = YES;
				CLANG_WARN_CONSTANT_CONVERSION = YES;
				CLANG_WARN_DEPRECATED_OBJC_IMPLEMENTATIONS = YES;
				CLANG_WARN_DIRECT_OBJC_ISA_USAGE = YES_ERROR;
				CLANG_WARN_DOCUMENTATION_COMMENTS = YES;
				CLANG_WARN_EMPTY_BODY = YES;
				CLANG_WARN_ENUM_CONVERSION = YES;
				CLANG_WARN_INFINITE_RECURSION = YES;
				CLANG_WARN_INT_CONVERSION = YES;
				CLANG_WARN_NON_LITERAL_NULL_CONVERSION = YES;
				CLANG_WARN_OBJC_IMPLICIT_RETAIN_SELF = YES;
				CLANG_WARN_OBJC_LITERAL_CONVERSION = YES;
				CLANG_WARN_OBJC_ROOT_CLASS = YES_ERROR;
				CLANG_WARN_QUOTED_INCLUDE_IN_FRAMEWORK_HEADER = YES;
				CLANG_WARN_RANGE_LOOP_ANALYSIS = YES;
				CLANG_WARN_STRICT_PROTOTYPES = YES;
				CLANG_WARN_SUSPICIOUS_MOVE = YES;
				CLANG_WARN_UNGUARDED_AVAILABILITY = YES_AGGRESSIVE;
				CLANG_WARN_UNREACHABLE_CODE = YES;
				CLANG_WARN__DUPLICATE_METHOD_MATCH = YES;
				COPY_PHASE_STRIP = NO;
				DEBUG_INFORMATION_FORMAT = "dwarf-with-dsym";
				ENABLE_NS_ASSERTIONS = NO;
				ENABLE_STRICT_OBJC_MSGSEND = YES;
				GCC_C_LANGUAGE_STANDARD = gnu11;
				GCC_NO_COMMON_BLOCKS = YES;
				GCC_WARN_64_TO_32_BIT_CONVERSION = YES;
				GCC_WARN_ABOUT_RETURN_TYPE = YES_ERROR;
				GCC_WARN_UNDECLARED_SELECTOR = YES;
				GCC_WARN_UNINITIALIZED_AUTOS = YES_AGGRESSIVE;
				GCC_WARN_UNUSED_FUNCTION = YES;
				GCC_WARN_UNUSED_VARIABLE = YES;
				IPHONEOS_DEPLOYMENT_TARGET = 14.0;
				MTL_ENABLE_DEBUG_INFO = NO;
				MTL_FAST_MATH = YES;
				SDKROOT = iphoneos;
				SWIFT_COMPILATION_MODE = wholemodule;
				SWIFT_OPTIMIZATION_LEVEL = "-O";
				VALIDATE_PRODUCT = YES;
			};
			name = Release;
		};
		9FA6B0E5280692D700723A85 /* Debug */ = {
			isa = XCBuildConfiguration;
			buildSettings = {
				ASSETCATALOG_COMPILER_APPICON_NAME = AppIcon;
				ASSETCATALOG_COMPILER_GLOBAL_ACCENT_COLOR_NAME = AccentColor;
				CODE_SIGN_STYLE = Automatic;
				CURRENT_PROJECT_VERSION = 1;
				DEVELOPMENT_ASSET_PATHS = "\"CNTIOSBootstrapApp/Resources\"";
				ENABLE_PREVIEWS = YES;
				GENERATE_INFOPLIST_FILE = YES;
				INFOPLIST_KEY_UIApplicationSceneManifest_Generation = YES;
				INFOPLIST_KEY_UIApplicationSupportsIndirectInputEvents = YES;
				INFOPLIST_KEY_UILaunchScreen_Generation = YES;
				INFOPLIST_KEY_UISupportedInterfaceOrientations_iPad = "UIInterfaceOrientationPortrait UIInterfaceOrientationPortraitUpsideDown UIInterfaceOrientationLandscapeLeft UIInterfaceOrientationLandscapeRight";
				INFOPLIST_KEY_UISupportedInterfaceOrientations_iPhone = "UIInterfaceOrientationPortrait UIInterfaceOrientationLandscapeLeft UIInterfaceOrientationLandscapeRight";
				LD_RUNPATH_SEARCH_PATHS = (
					"$(inherited)",
					"@executable_path/Frameworks",
				);
				MARKETING_VERSION = 1.0;
				PRODUCT_BUNDLE_IDENTIFIER = com.cnt.CNTIOSBootstrapApp;
				PRODUCT_NAME = CNTIOSBootstrapApp;
				SWIFT_EMIT_LOC_STRINGS = YES;
				SWIFT_VERSION = 5.0;
				TARGETED_DEVICE_FAMILY = "1,2";
			};
			name = Debug;
		};
		9FA6B0E6280692D700723A85 /* Release */ = {
			isa = XCBuildConfiguration;
			buildSettings = {
				ASSETCATALOG_COMPILER_APPICON_NAME = AppIcon;
				ASSETCATALOG_COMPILER_GLOBAL_ACCENT_COLOR_NAME = AccentColor;
				CODE_SIGN_STYLE = Automatic;
				CURRENT_PROJECT_VERSION = 1;
				DEVELOPMENT_ASSET_PATHS = "\"CNTIOSBootstrapApp/Resources\"";
				ENABLE_PREVIEWS = YES;
				GENERATE_INFOPLIST_FILE = YES;
				INFOPLIST_KEY_UIApplicationSceneManifest_Generation = YES;
				INFOPLIST_KEY_UIApplicationSupportsIndirectInputEvents = YES;
				INFOPLIST_KEY_UILaunchScreen_Generation = YES;
				INFOPLIST_KEY_UISupportedInterfaceOrientations_iPad = "UIInterfaceOrientationPortrait UIInterfaceOrientationPortraitUpsideDown UIInterfaceOrientationLandscapeLeft UIInterfaceOrientationLandscapeRight";
				INFOPLIST_KEY_UISupportedInterfaceOrientations_iPhone = "UIInterfaceOrientationPortrait UIInterfaceOrientationLandscapeLeft UIInterfaceOrientationLandscapeRight";
				LD_RUNPATH_SEARCH_PATHS = (
					"$(inherited)",
					"@executable_path/Frameworks",
				);
				MARKETING_VERSION = 1.0;
				PRODUCT_BUNDLE_IDENTIFIER = com.cnt.CNTIOSBootstrapApp;
				PRODUCT_NAME = CNTIOSBootstrapApp;
				SWIFT_EMIT_LOC_STRINGS = YES;
				SWIFT_VERSION = 5.0;
				TARGETED_DEVICE_FAMILY = "1,2";
			};
			name = Release;
		};
		9FA6B0E8280692D700723A85 /* Debug */ = {
			isa = XCBuildConfiguration;
			buildSettings = {
				ALWAYS_EMBED_SWIFT_STANDARD_LIBRARIES = YES;
				BUNDLE_LOADER = "$(TEST_HOST)";
				CODE_SIGN_STYLE = Automatic;
				CURRENT_PROJECT_VERSION = 1;
				GENERATE_INFOPLIST_FILE = YES;
				IPHONEOS_DEPLOYMENT_TARGET = 15.2;
				MARKETING_VERSION = 1.0;
				PRODUCT_BUNDLE_IDENTIFIER = co.urbanlegend.UrbanLegendTests;
				PRODUCT_NAME = "$(TARGET_NAME)";
				SWIFT_EMIT_LOC_STRINGS = NO;
				SWIFT_VERSION = 5.0;
				TARGETED_DEVICE_FAMILY = "1,2";
				TEST_HOST = "$(BUILT_PRODUCTS_DIR)/CNTIOSBootstrapApp.app/CNTIOSBootstrapApp";
			};
			name = Debug;
		};
		9FA6B0E9280692D700723A85 /* Release */ = {
			isa = XCBuildConfiguration;
			buildSettings = {
				ALWAYS_EMBED_SWIFT_STANDARD_LIBRARIES = YES;
				BUNDLE_LOADER = "$(TEST_HOST)";
				CODE_SIGN_STYLE = Automatic;
				CURRENT_PROJECT_VERSION = 1;
				GENERATE_INFOPLIST_FILE = YES;
				IPHONEOS_DEPLOYMENT_TARGET = 15.2;
				MARKETING_VERSION = 1.0;
				PRODUCT_BUNDLE_IDENTIFIER = co.urbanlegend.UrbanLegendTests;
				PRODUCT_NAME = "$(TARGET_NAME)";
				SWIFT_EMIT_LOC_STRINGS = NO;
				SWIFT_VERSION = 5.0;
				TARGETED_DEVICE_FAMILY = "1,2";
				TEST_HOST = "$(BUILT_PRODUCTS_DIR)/CNTIOSBootstrapApp.app/CNTIOSBootstrapApp";
			};
			name = Release;
		};
/* End XCBuildConfiguration section */

/* Begin XCConfigurationList section */
		9FA6B0BB280692D500723A85 /* Build configuration list for PBXProject "CNTIOSBootstrapApp" */ = {
			isa = XCConfigurationList;
			buildConfigurations = (
				9FA6B0E2280692D700723A85 /* Debug */,
				9FA6B0E3280692D700723A85 /* Release */,
			);
			defaultConfigurationIsVisible = 0;
			defaultConfigurationName = Release;
		};
		9FA6B0E4280692D700723A85 /* Build configuration list for PBXNativeTarget "CNTIOSBootstrapApp" */ = {
			isa = XCConfigurationList;
			buildConfigurations = (
				9FA6B0E5280692D700723A85 /* Debug */,
				9FA6B0E6280692D700723A85 /* Release */,
			);
			defaultConfigurationIsVisible = 0;
			defaultConfigurationName = Release;
		};
		9FA6B0E7280692D700723A85 /* Build configuration list for PBXNativeTarget "CNTIOSBootstrapAppTests" */ = {
			isa = XCConfigurationList;
			buildConfigurations = (
				9FA6B0E8280692D700723A85 /* Debug */,
				9FA6B0E9280692D700723A85 /* Release */,
			);
			defaultConfigurationIsVisible = 0;
			defaultConfigurationName = Release;
		};
/* End XCConfigurationList section */
	};
	rootObject = 9FA6B0B8280692D500723A85 /* Project object */;
}
